
Microsoft Visual Studio Solution File, Format Version 12.00
# Visual Studio Version 17
VisualStudioVersion = 17.7.34018.315
MinimumVisualStudioVersion = 10.0.40219.1
Project("{FAE04EC0-301F-11D3-BF4B-00C04F79EFBC}") = "ChallengeApp", "ChallengeApp\ChallengeApp.csproj", "{BCB0BFCA-C252-4ECF-976F-9683E281C562}"
EndProject
Global
	GlobalSection(SolutionConfigurationPlatforms) = preSolution
		Debug|Any CPU = Debug|Any CPU
		Release|Any CPU = Release|Any CPU
	EndGlobalSection
	GlobalSection(ProjectConfigurationPlatforms) = postSolution
		{BCB0BFCA-C252-4ECF-976F-9683E281C562}.Debug|Any CPU.ActiveCfg = Debug|Any CPU
		{BCB0BFCA-C252-4ECF-976F-9683E281C562}.Debug|Any CPU.Build.0 = Debug|Any CPU
		{BCB0BFCA-C252-4ECF-976F-9683E281C562}.Release|Any CPU.ActiveCfg = Release|Any CPU
		{BCB0BFCA-C252-4ECF-976F-9683E281C562}.Release|Any CPU.Build.0 = Release|Any CPU
	EndGlobalSection
	GlobalSection(SolutionProperties) = preSolution
		HideSolutionNode = FALSE
	EndGlobalSection
	GlobalSection(ExtensibilityGlobals) = postSolution
		SolutionGuid = {2C46F169-A9D8-46FB-94F3-7F8C4CFCA2A7}
	EndGlobalSection
EndGlobal
